
Microsoft Visual Studio Solution File, Format Version 12.00
# Visual Studio Version 17
VisualStudioVersion = 17.5.2.0
MinimumVisualStudioVersion = 10.0.40219.1
Project("{FAE04EC0-301F-11D3-BF4B-00C04F79EFBC}") = "ConsoleApp2", "ConsoleApp2\ConsoleApp2.csproj", "{0BF52C80-90A9-AAB8-50BD-54373B8B4D6F}"
EndProject
Project("{FAE04EC0-301F-11D3-BF4B-00C04F79EFBC}") = "ConsoleApp3", "ConsoleApp3\ConsoleApp3.csproj", "{6329CA87-9671-25ED-4A09-4EEA9EF96758}"
EndProject
Project("{FAE04EC0-301F-11D3-BF4B-00C04F79EFBC}") = "ConsoleApp4", "ConsoleApp4\ConsoleApp4.csproj", "{539C9239-54A0-6FE0-FF1E-F8A4023404F9}"
EndProject
Project("{FAE04EC0-301F-11D3-BF4B-00C04F79EFBC}") = "ProgramaCarros", "ProgramaCarros\ProgramaCarros.csproj", "{0AD013B0-3908-4854-BC58-67A8AFECDBF0}"
EndProject
Project("{FAE04EC0-301F-11D3-BF4B-00C04F79EFBC}") = "teste", "teste\teste.csproj", "{46F94121-9146-7738-04AB-CF6591008EFB}"
EndProject
Project("{FAE04EC0-301F-11D3-BF4B-00C04F79EFBC}") = "Lanchonete", "Lanchonete\Lanchonete.csproj", "{1FB65224-D289-47F0-8501-329B7DD47021}"
EndProject
Project("{FAE04EC0-301F-11D3-BF4B-00C04F79EFBC}") = "ProvaTestando", "ProvaTestando\ProvaTestando.csproj", "{6D001C30-D367-4428-A220-9D54E6F18C3F}"
EndProject
Global
	GlobalSection(SolutionConfigurationPlatforms) = preSolution
		Debug|Any CPU = Debug|Any CPU
		Debug|x64 = Debug|x64
		Debug|x86 = Debug|x86
		Release|Any CPU = Release|Any CPU
		Release|x64 = Release|x64
		Release|x86 = Release|x86
	EndGlobalSection
	GlobalSection(ProjectConfigurationPlatforms) = postSolution
		{0BF52C80-90A9-AAB8-50BD-54373B8B4D6F}.Debug|Any CPU.ActiveCfg = Debug|Any CPU
		{0BF52C80-90A9-AAB8-50BD-54373B8B4D6F}.Debug|Any CPU.Build.0 = Debug|Any CPU
		{0BF52C80-90A9-AAB8-50BD-54373B8B4D6F}.Debug|x64.ActiveCfg = Debug|Any CPU
		{0BF52C80-90A9-AAB8-50BD-54373B8B4D6F}.Debug|x64.Build.0 = Debug|Any CPU
		{0BF52C80-90A9-AAB8-50BD-54373B8B4D6F}.Debug|x86.ActiveCfg = Debug|Any CPU
		{0BF52C80-90A9-AAB8-50BD-54373B8B4D6F}.Debug|x86.Build.0 = Debug|Any CPU
		{0BF52C80-90A9-AAB8-50BD-54373B8B4D6F}.Release|Any CPU.ActiveCfg = Release|Any CPU
		{0BF52C80-90A9-AAB8-50BD-54373B8B4D6F}.Release|Any CPU.Build.0 = Release|Any CPU
		{0BF52C80-90A9-AAB8-50BD-54373B8B4D6F}.Release|x64.ActiveCfg = Release|Any CPU
		{0BF52C80-90A9-AAB8-50BD-54373B8B4D6F}.Release|x64.Build.0 = Release|Any CPU
		{0BF52C80-90A9-AAB8-50BD-54373B8B4D6F}.Release|x86.ActiveCfg = Release|Any CPU
		{0BF52C80-90A9-AAB8-50BD-54373B8B4D6F}.Release|x86.Build.0 = Release|Any CPU
		{6329CA87-9671-25ED-4A09-4EEA9EF96758}.Debug|Any CPU.ActiveCfg = Debug|Any CPU
		{6329CA87-9671-25ED-4A09-4EEA9EF96758}.Debug|Any CPU.Build.0 = Debug|Any CPU
		{6329CA87-9671-25ED-4A09-4EEA9EF96758}.Debug|x64.ActiveCfg = Debug|Any CPU
		{6329CA87-9671-25ED-4A09-4EEA9EF96758}.Debug|x64.Build.0 = Debug|Any CPU
		{6329CA87-9671-25ED-4A09-4EEA9EF96758}.Debug|x86.ActiveCfg = Debug|Any CPU
		{6329CA87-9671-25ED-4A09-4EEA9EF96758}.Debug|x86.Build.0 = Debug|Any CPU
		{6329CA87-9671-25ED-4A09-4EEA9EF96758}.Release|Any CPU.ActiveCfg = Release|Any CPU
		{6329CA87-9671-25ED-4A09-4EEA9EF96758}.Release|Any CPU.Build.0 = Release|Any CPU
		{6329CA87-9671-25ED-4A09-4EEA9EF96758}.Release|x64.ActiveCfg = Release|Any CPU
		{6329CA87-9671-25ED-4A09-4EEA9EF96758}.Release|x64.Build.0 = Release|Any CPU
		{6329CA87-9671-25ED-4A09-4EEA9EF96758}.Release|x86.ActiveCfg = Release|Any CPU
		{6329CA87-9671-25ED-4A09-4EEA9EF96758}.Release|x86.Build.0 = Release|Any CPU
		{539C9239-54A0-6FE0-FF1E-F8A4023404F9}.Debug|Any CPU.ActiveCfg = Debug|Any CPU
		{539C9239-54A0-6FE0-FF1E-F8A4023404F9}.Debug|Any CPU.Build.0 = Debug|Any CPU
		{539C9239-54A0-6FE0-FF1E-F8A4023404F9}.Debug|x64.ActiveCfg = Debug|Any CPU
		{539C9239-54A0-6FE0-FF1E-F8A4023404F9}.Debug|x64.Build.0 = Debug|Any CPU
		{539C9239-54A0-6FE0-FF1E-F8A4023404F9}.Debug|x86.ActiveCfg = Debug|Any CPU
		{539C9239-54A0-6FE0-FF1E-F8A4023404F9}.Debug|x86.Build.0 = Debug|Any CPU
		{539C9239-54A0-6FE0-FF1E-F8A4023404F9}.Release|Any CPU.ActiveCfg = Release|Any CPU
		{539C9239-54A0-6FE0-FF1E-F8A4023404F9}.Release|Any CPU.Build.0 = Release|Any CPU
		{539C9239-54A0-6FE0-FF1E-F8A4023404F9}.Release|x64.ActiveCfg = Release|Any CPU
		{539C9239-54A0-6FE0-FF1E-F8A4023404F9}.Release|x64.Build.0 = Release|Any CPU
		{539C9239-54A0-6FE0-FF1E-F8A4023404F9}.Release|x86.ActiveCfg = Release|Any CPU
		{539C9239-54A0-6FE0-FF1E-F8A4023404F9}.Release|x86.Build.0 = Release|Any CPU
		{0AD013B0-3908-4854-BC58-67A8AFECDBF0}.Debug|Any CPU.ActiveCfg = Debug|Any CPU
		{0AD013B0-3908-4854-BC58-67A8AFECDBF0}.Debug|Any CPU.Build.0 = Debug|Any CPU
		{0AD013B0-3908-4854-BC58-67A8AFECDBF0}.Debug|x64.ActiveCfg = Debug|Any CPU
		{0AD013B0-3908-4854-BC58-67A8AFECDBF0}.Debug|x64.Build.0 = Debug|Any CPU
		{0AD013B0-3908-4854-BC58-67A8AFECDBF0}.Debug|x86.ActiveCfg = Debug|Any CPU
		{0AD013B0-3908-4854-BC58-67A8AFECDBF0}.Debug|x86.Build.0 = Debug|Any CPU
		{0AD013B0-3908-4854-BC58-67A8AFECDBF0}.Release|Any CPU.ActiveCfg = Release|Any CPU
		{0AD013B0-3908-4854-BC58-67A8AFECDBF0}.Release|Any CPU.Build.0 = Release|Any CPU
		{0AD013B0-3908-4854-BC58-67A8AFECDBF0}.Release|x64.ActiveCfg = Release|Any CPU
		{0AD013B0-3908-4854-BC58-67A8AFECDBF0}.Release|x64.Build.0 = Release|Any CPU
		{0AD013B0-3908-4854-BC58-67A8AFECDBF0}.Release|x86.ActiveCfg = Release|Any CPU
		{0AD013B0-3908-4854-BC58-67A8AFECDBF0}.Release|x86.Build.0 = Release|Any CPU
		{46F94121-9146-7738-04AB-CF6591008EFB}.Debug|Any CPU.ActiveCfg = Debug|Any CPU
		{46F94121-9146-7738-04AB-CF6591008EFB}.Debug|Any CPU.Build.0 = Debug|Any CPU
		{46F94121-9146-7738-04AB-CF6591008EFB}.Debug|x64.ActiveCfg = Debug|Any CPU
		{46F94121-9146-7738-04AB-CF6591008EFB}.Debug|x64.Build.0 = Debug|Any CPU
		{46F94121-9146-7738-04AB-CF6591008EFB}.Debug|x86.ActiveCfg = Debug|Any CPU
		{46F94121-9146-7738-04AB-CF6591008EFB}.Debug|x86.Build.0 = Debug|Any CPU
		{46F94121-9146-7738-04AB-CF6591008EFB}.Release|Any CPU.ActiveCfg = Release|Any CPU
		{46F94121-9146-7738-04AB-CF6591008EFB}.Release|Any CPU.Build.0 = Release|Any CPU
		{46F94121-9146-7738-04AB-CF6591008EFB}.Release|x64.ActiveCfg = Release|Any CPU
		{46F94121-9146-7738-04AB-CF6591008EFB}.Release|x64.Build.0 = Release|Any CPU
		{46F94121-9146-7738-04AB-CF6591008EFB}.Release|x86.ActiveCfg = Release|Any CPU
		{46F94121-9146-7738-04AB-CF6591008EFB}.Release|x86.Build.0 = Release|Any CPU
		{1FB65224-D289-47F0-8501-329B7DD47021}.Debug|Any CPU.ActiveCfg = Debug|Any CPU
		{1FB65224-D289-47F0-8501-329B7DD47021}.Debug|Any CPU.Build.0 = Debug|Any CPU
		{1FB65224-D289-47F0-8501-329B7DD47021}.Debug|x64.ActiveCfg = Debug|Any CPU
		{1FB65224-D289-47F0-8501-329B7DD47021}.Debug|x64.Build.0 = Debug|Any CPU
		{1FB65224-D289-47F0-8501-329B7DD47021}.Debug|x86.ActiveCfg = Debug|Any CPU
		{1FB65224-D289-47F0-8501-329B7DD47021}.Debug|x86.Build.0 = Debug|Any CPU
		{1FB65224-D289-47F0-8501-329B7DD47021}.Release|Any CPU.ActiveCfg = Release|Any CPU
		{1FB65224-D289-47F0-8501-329B7DD47021}.Release|Any CPU.Build.0 = Release|Any CPU
		{1FB65224-D289-47F0-8501-329B7DD47021}.Release|x64.ActiveCfg = Release|Any CPU
		{1FB65224-D289-47F0-8501-329B7DD47021}.Release|x64.Build.0 = Release|Any CPU
		{1FB65224-D289-47F0-8501-329B7DD47021}.Release|x86.ActiveCfg = Release|Any CPU
		{1FB65224-D289-47F0-8501-329B7DD47021}.Release|x86.Build.0 = Release|Any CPU
		{6D001C30-D367-4428-A220-9D54E6F18C3F}.Debug|Any CPU.ActiveCfg = Debug|Any CPU
		{6D001C30-D367-4428-A220-9D54E6F18C3F}.Debug|Any CPU.Build.0 = Debug|Any CPU
		{6D001C30-D367-4428-A220-9D54E6F18C3F}.Debug|x64.ActiveCfg = Debug|Any CPU
		{6D001C30-D367-4428-A220-9D54E6F18C3F}.Debug|x64.Build.0 = Debug|Any CPU
		{6D001C30-D367-4428-A220-9D54E6F18C3F}.Debug|x86.ActiveCfg = Debug|Any CPU
		{6D001C30-D367-4428-A220-9D54E6F18C3F}.Debug|x86.Build.0 = Debug|Any CPU
		{6D001C30-D367-4428-A220-9D54E6F18C3F}.Release|Any CPU.ActiveCfg = Release|Any CPU
		{6D001C30-D367-4428-A220-9D54E6F18C3F}.Release|Any CPU.Build.0 = Release|Any CPU
		{6D001C30-D367-4428-A220-9D54E6F18C3F}.Release|x64.ActiveCfg = Release|Any CPU
		{6D001C30-D367-4428-A220-9D54E6F18C3F}.Release|x64.Build.0 = Release|Any CPU
		{6D001C30-D367-4428-A220-9D54E6F18C3F}.Release|x86.ActiveCfg = Release|Any CPU
		{6D001C30-D367-4428-A220-9D54E6F18C3F}.Release|x86.Build.0 = Release|Any CPU
	EndGlobalSection
	GlobalSection(SolutionProperties) = preSolution
		HideSolutionNode = FALSE
	EndGlobalSection
	GlobalSection(ExtensibilityGlobals) = postSolution
		SolutionGuid = {BFA7B0C5-3FF4-43FE-A391-53DBA027FFFA}
	EndGlobalSection
EndGlobal
